version = 1
revision = 2
requires-python = "==3.10.*"

[[package]]
name = "acspy"
version = "0.0.9"
source = { registry = "https://pypi.org/simple" }
sdist = { url = "https://files.pythonhosted.org/packages/2a/9e/677d460da6fa39385b1039c851e4f923ff991912dc0fbc67e36a8a6fc3f0/acspy-0.0.9.tar.gz", hash = "sha256:e71488da89d6b780a778fc79f4089489327c887ad6a593f72fcdd71effc086a5", size = 9275, upload-time = "2025-01-22T14:23:26.982Z" }
wheels = [
    { url = "https://files.pythonhosted.org/packages/98/95/34ca2f73fbe82cb0f7ba5180d89c1169662329bde0f70b287ccd1a3a9bb3/ACSpy-0.0.9-py3-none-any.whl", hash = "sha256:20d2dd0ffbf7e002f076d4a3582ec4734176e3cd13acb762beea014cc9caf73f", size = 10003, upload-time = "2025-01-22T14:23:23.083Z" },
]

[[package]]
name = "altgraph"
version = "0.17.4"
source = { registry = "https://pypi.org/simple" }
sdist = { url = "https://files.pythonhosted.org/packages/de/a8/7145824cf0b9e3c28046520480f207df47e927df83aa9555fb47f8505922/altgraph-0.17.4.tar.gz", hash = "sha256:1b5afbb98f6c4dcadb2e2ae6ab9fa994bbb8c1d75f4fa96d340f9437ae454406", size = 48418, upload-time = "2023-09-25T09:04:52.164Z" }
wheels = [
    { url = "https://files.pythonhosted.org/packages/4d/3f/3bc3f1d83f6e4a7fcb834d3720544ca597590425be5ba9db032b2bf322a2/altgraph-0.17.4-py2.py3-none-any.whl", hash = "sha256:642743b4750de17e655e6711601b077bc6598dbfa3ba5fa2b2a35ce12b508dff", size = 21212, upload-time = "2023-09-25T09:04:50.691Z" },
]

[[package]]
name = "click"
version = "8.2.0"
source = { registry = "https://pypi.org/simple" }
dependencies = [
    { name = "colorama", marker = "sys_platform == 'win32'" },
]
sdist = { url = "https://files.pythonhosted.org/packages/cd/0f/62ca20172d4f87d93cf89665fbaedcd560ac48b465bd1d92bfc7ea6b0a41/click-8.2.0.tar.gz", hash = "sha256:f5452aeddd9988eefa20f90f05ab66f17fce1ee2a36907fd30b05bbb5953814d", size = 235857, upload-time = "2025-05-10T22:21:03.111Z" }
wheels = [
    { url = "https://files.pythonhosted.org/packages/a2/58/1f37bf81e3c689cc74ffa42102fa8915b59085f54a6e4a80bc6265c0f6bf/click-8.2.0-py3-none-any.whl", hash = "sha256:6b303f0b2aa85f1cb4e5303078fadcbcd4e476f114fab9b5007005711839325c", size = 102156, upload-time = "2025-05-10T22:21:01.352Z" },
]

[[package]]
name = "colorama"
version = "0.4.6"
source = { registry = "https://pypi.org/simple" }
sdist = { url = "https://files.pythonhosted.org/packages/d8/53/6f443c9a4a8358a93a6792e2acffb9d9d5cb0a5cfd8802644b7b1c9a02e4/colorama-0.4.6.tar.gz", hash = "sha256:08695f5cb7ed6e0531a20572697297273c47b8cae5a63ffc6d6ed5c201be6e44", size = 27697, upload-time = "2022-10-25T02:36:22.414Z" }
wheels = [
    { url = "https://files.pythonhosted.org/packages/d1/d6/3965ed04c63042e047cb6a3e6ed1a63a35087b6a609aa3a15ed8ac56c221/colorama-0.4.6-py2.py3-none-any.whl", hash = "sha256:4f1d9991f5acc0ca119f9d443620b77f9d6b33703e51011c16baf57afb285fc6", size = 25335, upload-time = "2022-10-25T02:36:20.889Z" },
]

[[package]]
name = "macholib"
version = "1.16.3"
source = { registry = "https://pypi.org/simple" }
dependencies = [
    { name = "altgraph" },
]
sdist = { url = "https://files.pythonhosted.org/packages/95/ee/af1a3842bdd5902ce133bd246eb7ffd4375c38642aeb5dc0ae3a0329dfa2/macholib-1.16.3.tar.gz", hash = "sha256:07ae9e15e8e4cd9a788013d81f5908b3609aa76f9b1421bae9c4d7606ec86a30", size = 59309, upload-time = "2023-09-25T09:10:16.155Z" }
wheels = [
    { url = "https://files.pythonhosted.org/packages/d1/5d/c059c180c84f7962db0aeae7c3b9303ed1d73d76f2bfbc32bc231c8be314/macholib-1.16.3-py2.py3-none-any.whl", hash = "sha256:0e315d7583d38b8c77e815b1ecbdbf504a8258d8b3e17b61165c6feb60d18f2c", size = 38094, upload-time = "2023-09-25T09:10:14.188Z" },
]

[[package]]
name = "numpy"
version = "2.2.4"
source = { registry = "https://pypi.org/simple" }
sdist = { url = "https://files.pythonhosted.org/packages/e1/78/31103410a57bc2c2b93a3597340a8119588571f6a4539067546cb9a0bfac/numpy-2.2.4.tar.gz", hash = "sha256:9ba03692a45d3eef66559efe1d1096c4b9b75c0986b5dff5530c378fb8331d4f", size = 20270701, upload-time = "2025-03-16T18:27:00.648Z" }
wheels = [
    { url = "https://files.pythonhosted.org/packages/04/89/a79e86e5c1433926ed7d60cb267fb64aa578b6101ab645800fd43b4801de/numpy-2.2.4-cp310-cp310-macosx_10_9_x86_64.whl", hash = "sha256:8146f3550d627252269ac42ae660281d673eb6f8b32f113538e0cc2a9aed42b9", size = 21250661, upload-time = "2025-03-16T18:02:13.017Z" },
    { url = "https://files.pythonhosted.org/packages/79/c2/f50921beb8afd60ed9589ad880332cfefdb805422210d327fb48f12b7a81/numpy-2.2.4-cp310-cp310-macosx_11_0_arm64.whl", hash = "sha256:e642d86b8f956098b564a45e6f6ce68a22c2c97a04f5acd3f221f57b8cb850ae", size = 14389926, upload-time = "2025-03-16T18:02:39.022Z" },
    { url = "https://files.pythonhosted.org/packages/c7/b9/2c4e96130b0b0f97b0ef4a06d6dae3b39d058b21a5e2fa2decd7fd6b1c8f/numpy-2.2.4-cp310-cp310-macosx_14_0_arm64.whl", hash = "sha256:a84eda42bd12edc36eb5b53bbcc9b406820d3353f1994b6cfe453a33ff101775", size = 5428329, upload-time = "2025-03-16T18:02:50.032Z" },
    { url = "https://files.pythonhosted.org/packages/7f/a5/3d7094aa898f4fc5c84cdfb26beeae780352d43f5d8bdec966c4393d644c/numpy-2.2.4-cp310-cp310-macosx_14_0_x86_64.whl", hash = "sha256:4ba5054787e89c59c593a4169830ab362ac2bee8a969249dc56e5d7d20ff8df9", size = 6963559, upload-time = "2025-03-16T18:03:02.523Z" },
    { url = "https://files.pythonhosted.org/packages/4c/22/fb1be710a14434c09080dd4a0acc08939f612ec02efcb04b9e210474782d/numpy-2.2.4-cp310-cp310-manylinux_2_17_aarch64.manylinux2014_aarch64.whl", hash = "sha256:7716e4a9b7af82c06a2543c53ca476fa0b57e4d760481273e09da04b74ee6ee2", size = 14368066, upload-time = "2025-03-16T18:03:27.146Z" },
    { url = "https://files.pythonhosted.org/packages/c2/07/2e5cc71193e3ef3a219ffcf6ca4858e46ea2be09c026ddd480d596b32867/numpy-2.2.4-cp310-cp310-manylinux_2_17_x86_64.manylinux2014_x86_64.whl", hash = "sha256:adf8c1d66f432ce577d0197dceaac2ac00c0759f573f28516246351c58a85020", size = 16417040, upload-time = "2025-03-16T18:03:55.999Z" },
    { url = "https://files.pythonhosted.org/packages/1a/97/3b1537776ad9a6d1a41813818343745e8dd928a2916d4c9edcd9a8af1dac/numpy-2.2.4-cp310-cp310-musllinux_1_2_aarch64.whl", hash = "sha256:218f061d2faa73621fa23d6359442b0fc658d5b9a70801373625d958259eaca3", size = 15879862, upload-time = "2025-03-16T18:04:23.56Z" },
    { url = "https://files.pythonhosted.org/packages/b0/b7/4472f603dd45ef36ff3d8e84e84fe02d9467c78f92cc121633dce6da307b/numpy-2.2.4-cp310-cp310-musllinux_1_2_x86_64.whl", hash = "sha256:df2f57871a96bbc1b69733cd4c51dc33bea66146b8c63cacbfed73eec0883017", size = 18206032, upload-time = "2025-03-16T18:04:53.694Z" },
    { url = "https://files.pythonhosted.org/packages/0d/bd/6a092963fb82e6c5aa0d0440635827bbb2910da229545473bbb58c537ed3/numpy-2.2.4-cp310-cp310-win32.whl", hash = "sha256:a0258ad1f44f138b791327961caedffbf9612bfa504ab9597157806faa95194a", size = 6608517, upload-time = "2025-03-16T18:05:06.647Z" },
    { url = "https://files.pythonhosted.org/packages/01/e3/cb04627bc2a1638948bc13e818df26495aa18e20d5be1ed95ab2b10b6847/numpy-2.2.4-cp310-cp310-win_amd64.whl", hash = "sha256:0d54974f9cf14acf49c60f0f7f4084b6579d24d439453d5fc5805d46a165b542", size = 12943498, upload-time = "2025-03-16T18:05:28.591Z" },
    { url = "https://files.pythonhosted.org/packages/b2/5c/f09c33a511aff41a098e6ef3498465d95f6360621034a3d95f47edbc9119/numpy-2.2.4-pp310-pypy310_pp73-macosx_10_15_x86_64.whl", hash = "sha256:7051ee569db5fbac144335e0f3b9c2337e0c8d5c9fee015f259a5bd70772b7e8", size = 21081956, upload-time = "2025-03-16T18:21:12.955Z" },
    { url = "https://files.pythonhosted.org/packages/ba/30/74c48b3b6494c4b820b7fa1781d441e94d87a08daa5b35d222f06ba41a6f/numpy-2.2.4-pp310-pypy310_pp73-macosx_14_0_x86_64.whl", hash = "sha256:ab2939cd5bec30a7430cbdb2287b63151b77cf9624de0532d629c9a1c59b1d5c", size = 6827143, upload-time = "2025-03-16T18:21:26.748Z" },
    { url = "https://files.pythonhosted.org/packages/54/f5/ab0d2f48b490535c7a80e05da4a98902b632369efc04f0e47bb31ca97d8f/numpy-2.2.4-pp310-pypy310_pp73-manylinux_2_17_x86_64.manylinux2014_x86_64.whl", hash = "sha256:d0f35b19894a9e08639fd60a1ec1978cb7f5f7f1eace62f38dd36be8aecdef4d", size = 16233350, upload-time = "2025-03-16T18:21:53.902Z" },
    { url = "https://files.pythonhosted.org/packages/3b/3a/2f6d8c1f8e45d496bca6baaec93208035faeb40d5735c25afac092ec9a12/numpy-2.2.4-pp310-pypy310_pp73-win_amd64.whl", hash = "sha256:b4adfbbc64014976d2f91084915ca4e626fbf2057fb81af209c1a6d776d23e3d", size = 12857565, upload-time = "2025-03-16T18:22:17.631Z" },
]

[[package]]
name = "packaging"
version = "24.2"
source = { registry = "https://pypi.org/simple" }
sdist = { url = "https://files.pythonhosted.org/packages/d0/63/68dbb6eb2de9cb10ee4c9c14a0148804425e13c4fb20d61cce69f53106da/packaging-24.2.tar.gz", hash = "sha256:c228a6dc5e932d346bc5739379109d49e8853dd8223571c7c5b55260edc0b97f", size = 163950, upload-time = "2024-11-08T09:47:47.202Z" }
wheels = [
    { url = "https://files.pythonhosted.org/packages/88/ef/eb23f262cca3c0c4eb7ab1933c3b1f03d021f2c48f54763065b6f0e321be/packaging-24.2-py3-none-any.whl", hash = "sha256:09abb1bccd265c01f4a3aa3f7a7db064b36514d2cba19a2f694fe6150451a759", size = 65451, upload-time = "2024-11-08T09:47:44.722Z" },
]

[[package]]
name = "pefile"
version = "2023.2.7"
source = { registry = "https://pypi.org/simple" }
sdist = { url = "https://files.pythonhosted.org/packages/78/c5/3b3c62223f72e2360737fd2a57c30e5b2adecd85e70276879609a7403334/pefile-2023.2.7.tar.gz", hash = "sha256:82e6114004b3d6911c77c3953e3838654b04511b8b66e8583db70c65998017dc", size = 74854, upload-time = "2023-02-07T12:23:55.958Z" }
wheels = [
    { url = "https://files.pythonhosted.org/packages/55/26/d0ad8b448476d0a1e8d3ea5622dc77b916db84c6aa3cb1e1c0965af948fc/pefile-2023.2.7-py3-none-any.whl", hash = "sha256:da185cd2af68c08a6cd4481f7325ed600a88f6a813bad9dea07ab3ef73d8d8d6", size = 71791, upload-time = "2023-02-07T12:28:36.678Z" },
]

[[package]]
name = "pyinstaller"
version = "6.12.0"
source = { registry = "https://pypi.org/simple" }
dependencies = [
    { name = "altgraph" },
    { name = "macholib", marker = "sys_platform == 'darwin'" },
    { name = "packaging" },
    { name = "pefile", marker = "sys_platform == 'win32'" },
    { name = "pyinstaller-hooks-contrib" },
    { name = "pywin32-ctypes", marker = "sys_platform == 'win32'" },
    { name = "setuptools" },
]
sdist = { url = "https://files.pythonhosted.org/packages/10/c0/001e86a13f9f6104613f198721c72d377fa1fc2a09550cfe1ac9a1d12406/pyinstaller-6.12.0.tar.gz", hash = "sha256:1834797be48ce1b26015af68bdeb3c61a6c7500136f04e0fc65e468115dec777", size = 4267132, upload-time = "2025-02-08T22:19:18.933Z" }
wheels = [
    { url = "https://files.pythonhosted.org/packages/b2/73/b897a3fda99a14130111abdb978d63da14cbc9932497b5e5064c5fe28187/pyinstaller-6.12.0-py3-none-macosx_10_13_universal2.whl", hash = "sha256:68f1e4cecf88a6272063977fa2a2c69ad37cf568e5901769d7206d0314c74f47", size = 997954, upload-time = "2025-02-08T22:18:09.438Z" },
    { url = "https://files.pythonhosted.org/packages/4a/bc/0929ed6aca3c5ff3f20f8cfd4f2f7e90f18c9465440e0d151d56d8170851/pyinstaller-6.12.0-py3-none-manylinux2014_aarch64.whl", hash = "sha256:fea76fc9b55ffa730fcf90beb897cce4399938460b0b6f40507fbebfc752c753", size = 714097, upload-time = "2025-02-08T22:18:14.476Z" },
    { url = "https://files.pythonhosted.org/packages/e1/9a/422d5eb04132e4a4735ca9099a53511324ff7d387b80231fe8dbd67bf322/pyinstaller-6.12.0-py3-none-manylinux2014_i686.whl", hash = "sha256:dac8a27988dbc33cdc34f2046803258bc3f6829de24de52745a5daa22bdba0f1", size = 724471, upload-time = "2025-02-08T22:18:19.117Z" },
    { url = "https://files.pythonhosted.org/packages/64/1c/5028ba2e09f5b57f6792e9d88e888725224f8f016a07666e48664f6a9fcf/pyinstaller-6.12.0-py3-none-manylinux2014_ppc64le.whl", hash = "sha256:83c7f3bde9871b4a6aa71c66a96e8ba5c21668ce711ed97f510b9382d10aac6c", size = 722753, upload-time = "2025-02-08T22:18:23.173Z" },
    { url = "https://files.pythonhosted.org/packages/6f/d9/e7742caf4c4dc07d13e355ad2c14c7844c9bb2e66dea4f3386b4644bd106/pyinstaller-6.12.0-py3-none-manylinux2014_s390x.whl", hash = "sha256:a69818815c6e0711c727edc30680cb1f81c691b59de35db81a2d9e0ae26a9ef1", size = 720906, upload-time = "2025-02-08T22:18:27.881Z" },
    { url = "https://files.pythonhosted.org/packages/80/2b/14404f2dc95d1ec94d08879c62a76d5f26a176fab99fb023c2c70d2ff500/pyinstaller-6.12.0-py3-none-manylinux2014_x86_64.whl", hash = "sha256:a2abf5fde31a8b38b6df7939bcef8ac1d0c51e97e25317ce3555cd675259750f", size = 716959, upload-time = "2025-02-08T22:18:33.707Z" },
    { url = "https://files.pythonhosted.org/packages/11/a6/5c3a233cf19aa6d4caacf62f7ee1c728486cc20b73f5817be17485d7b7ff/pyinstaller-6.12.0-py3-none-musllinux_1_1_aarch64.whl", hash = "sha256:8e92e9873a616547bbabbb5a3a9843d5f2ab40c3d8b26810acdf0fe257bee4cf", size = 719414, upload-time = "2025-02-08T22:18:39.097Z" },
    { url = "https://files.pythonhosted.org/packages/24/57/069d35236806b281a3331ef00ff94e43f3b91e4b36350de8b40b4baf9fd3/pyinstaller-6.12.0-py3-none-musllinux_1_1_x86_64.whl", hash = "sha256:aefe502d55c9cf6aeaed7feba80b5f8491ce43f8f2b5fe2d9aadca3ee5a05bc4", size = 715903, upload-time = "2025-02-08T22:18:43.899Z" },
    { url = "https://files.pythonhosted.org/packages/4d/5f/857de8798836f9d16a620bd0a7c8899bba05b5fda7b3b4432762f148a86d/pyinstaller-6.12.0-py3-none-win32.whl", hash = "sha256:138856a5a503bb69c066377e0a22671b0db063e9cc14d5cf5c798a53561200d3", size = 1290980, upload-time = "2025-02-08T22:18:49.954Z" },
    { url = "https://files.pythonhosted.org/packages/99/6e/d7d76d4d15f6351f1f942256633b795eec3d6c691d985869df1bf319cd9d/pyinstaller-6.12.0-py3-none-win_amd64.whl", hash = "sha256:0e62d3906309248409f215b386f33afec845214e69cc0f296b93222b26a88f43", size = 1348786, upload-time = "2025-02-08T22:18:56.166Z" },
    { url = "https://files.pythonhosted.org/packages/47/c2/298ad6a3aa2cacb55cbc1f845068dc1e4a6c966082ffa0e19c69084cbc42/pyinstaller-6.12.0-py3-none-win_arm64.whl", hash = "sha256:0c271896a3a168f4f91827145702543db9c5427f4c7372a6df8c75925a3ac18a", size = 1289617, upload-time = "2025-02-08T22:19:02.162Z" },
]

[[package]]
name = "pyinstaller-hooks-contrib"
version = "2025.2"
source = { registry = "https://pypi.org/simple" }
dependencies = [
    { name = "packaging" },
    { name = "setuptools" },
]
sdist = { url = "https://files.pythonhosted.org/packages/99/14/6725808804b52cc2420a659c8935e511221837ad863e3bbc4269897d5b4d/pyinstaller_hooks_contrib-2025.2.tar.gz", hash = "sha256:ccdd41bc30290f725f3e48f4a39985d11855af81d614d167e3021e303acb9102", size = 150122, upload-time = "2025-03-23T23:35:10.358Z" }
wheels = [
    { url = "https://files.pythonhosted.org/packages/5e/14/aaadab954b4d78b2de9368eabda3327f8cdd05bce12712263e1100266bca/pyinstaller_hooks_contrib-2025.2-py3-none-any.whl", hash = "sha256:0b2bc7697075de5eb071ff13ef4a156d3beae6c19c7cbdcd70f37978d2013e30", size = 351020, upload-time = "2025-03-23T23:35:09.03Z" },
]

[[package]]
name = "pyqt5"
version = "5.15.9"
source = { registry = "https://pypi.org/simple" }
dependencies = [
    { name = "pyqt5-qt5" },
    { name = "pyqt5-sip" },
]
sdist = { url = "https://files.pythonhosted.org/packages/5c/46/b4b6eae1e24d9432905ef1d4e7c28b6610e28252527cdc38f2a75997d8b5/PyQt5-5.15.9.tar.gz", hash = "sha256:dc41e8401a90dc3e2b692b411bd5492ab559ae27a27424eed4bd3915564ec4c0", size = 3241160, upload-time = "2023-02-06T11:23:06.121Z" }
wheels = [
    { url = "https://files.pythonhosted.org/packages/77/c7/82f92662afdd85b69d126353d498f71e0fce03cbf1c01b700e0e495adf16/PyQt5-5.15.9-cp37-abi3-macosx_10_13_x86_64.whl", hash = "sha256:883ba5c8a348be78c8be6a3d3ba014c798e679503bce00d76c666c2dc6afe828", size = 7043123, upload-time = "2023-02-06T11:22:34.625Z" },
    { url = "https://files.pythonhosted.org/packages/28/99/78db05e606dbb4a9425c159e7f1f64b69683c16ee3dcd0f97ed9ede6b205/PyQt5-5.15.9-cp37-abi3-manylinux_2_17_x86_64.whl", hash = "sha256:dd5ce10e79fbf1df29507d2daf99270f2057cdd25e4de6fbf2052b46c652e3a5", size = 8401684, upload-time = "2023-02-06T11:22:44.872Z" },
    { url = "https://files.pythonhosted.org/packages/f3/b5/00a3c80a4c738e92e9d9e144c9bb5bd9d0842bac5517c63d42e7c9633826/PyQt5-5.15.9-cp37-abi3-win32.whl", hash = "sha256:e45c5cc15d4fd26ab5cb0e5cdba60691a3e9086411f8e3662db07a5a4222a696", size = 5424142, upload-time = "2023-02-06T11:22:50.337Z" },
    { url = "https://files.pythonhosted.org/packages/55/5d/8df8a2aa0de6588965d048fca9306cf15a5801be3078f195e8f8f41fa863/PyQt5-5.15.9-cp37-abi3-win_amd64.whl", hash = "sha256:e030d795df4cbbfcf4f38b18e2e119bcc9e177ef658a5094b87bb16cac0ce4c5", size = 6841448, upload-time = "2023-02-06T11:22:57.653Z" },
]

[[package]]
name = "pyqt5-plugins"
version = "5.15.9.2.3"
source = { registry = "https://pypi.org/simple" }
dependencies = [
    { name = "click" },
    { name = "pyqt5" },
    { name = "pyqt5-qt5" },
    { name = "qt5-tools" },
]
wheels = [
    { url = "https://files.pythonhosted.org/packages/66/01/bbadae4076b0d96174d26f93d45676f92dc6a3387c7228ed7e6dff333612/pyqt5_plugins-5.15.9.2.3-cp310-cp310-macosx_11_0_x86_64.whl", hash = "sha256:798b9f7d212972ac3940425d0cfe3a90669520b29b113da9d63a0996b7e121f4", size = 59209, upload-time = "2023-03-27T18:37:34.336Z" },
    { url = "https://files.pythonhosted.org/packages/67/b5/93e6e22d6829fe090436ad8d330ddb6c6911ae4c9de2e83238b7937e9092/pyqt5_plugins-5.15.9.2.3-cp310-cp310-manylinux2014_x86_64.whl", hash = "sha256:a818862de6a19965fca26174d462097829f523e177025e96c415e0389d212616", size = 68451, upload-time = "2023-03-27T18:37:58.023Z" },
    { url = "https://files.pythonhosted.org/packages/bd/95/e343e662e951f90b50ba2b2c3059405d06dff439403001cfe24568c92524/pyqt5_plugins-5.15.9.2.3-cp310-cp310-win32.whl", hash = "sha256:a1abd0aaaf4bb1c0d35ed33eba9707f2212a235f45bf9bd103e65d60147d8865", size = 64714, upload-time = "2023-03-27T18:37:15.746Z" },
    { url = "https://files.pythonhosted.org/packages/42/0b/1499fabac51e183350b05c81b9e059e77dfc63c5aa74eab8ce50f9836a3f/pyqt5_plugins-5.15.9.2.3-cp310-cp310-win_amd64.whl", hash = "sha256:b3f2c1598a171c36bcc78f68d58370e6876afacdda66e0c1e2c1ce861907a7c9", size = 66802, upload-time = "2023-03-27T18:37:21.473Z" },
]

[[package]]
name = "pyqt5-qt5"
version = "5.15.2"
source = { registry = "https://pypi.org/simple" }
wheels = [
    { url = "https://files.pythonhosted.org/packages/62/09/99a222b0360616250fb2e6003a54e43a2a06b0774f0f8d5daafb86a2c375/PyQt5_Qt5-5.15.2-py3-none-macosx_10_13_intel.whl", hash = "sha256:76980cd3d7ae87e3c7a33bfebfaee84448fd650bad6840471d6cae199b56e154", size = 40546019, upload-time = "2021-03-10T13:52:47.763Z" },
    { url = "https://files.pythonhosted.org/packages/83/d4/241a6a518d0bcf0a9fcdcbad5edfed18d43e884317eab8d5230a2b27e206/PyQt5_Qt5-5.15.2-py3-none-manylinux2014_x86_64.whl", hash = "sha256:1988f364ec8caf87a6ee5d5a3a5210d57539988bf8e84714c7d60972692e2f4a", size = 59921716, upload-time = "2021-03-10T13:57:39.485Z" },
    { url = "https://files.pythonhosted.org/packages/1c/7e/ce7c66a541a105fa98b41d6405fe84940564695e29fc7dccf6d9e8c5f898/PyQt5_Qt5-5.15.2-py3-none-win32.whl", hash = "sha256:9cc7a768b1921f4b982ebc00a318ccb38578e44e45316c7a4a850e953e1dd327", size = 43447358, upload-time = "2021-03-10T14:01:17.827Z" },
    { url = "https://files.pythonhosted.org/packages/37/97/5d3b222b924fa2ed4c2488925155cd0b03fd5d09ee1cfcf7c553c11c9f66/PyQt5_Qt5-5.15.2-py3-none-win_amd64.whl", hash = "sha256:750b78e4dba6bdf1607febedc08738e318ea09e9b10aea9ff0d73073f11f6962", size = 50075158, upload-time = "2021-03-10T14:05:20.868Z" },
]

[[package]]
name = "pyqt5-sip"
version = "12.17.0"
source = { registry = "https://pypi.org/simple" }
sdist = { url = "https://files.pythonhosted.org/packages/01/79/086b50414bafa71df494398ad277d72e58229a3d1c1b1c766d12b14c2e6d/pyqt5_sip-12.17.0.tar.gz", hash = "sha256:682dadcdbd2239af9fdc0c0628e2776b820e128bec88b49b8d692fe682f90b4f", size = 104042, upload-time = "2025-02-02T17:13:11.268Z" }
wheels = [
    { url = "https://files.pythonhosted.org/packages/6b/23/1da570b7e143b6d216728c919cae2976f7dbff65db94e3d9f5b62df37ba5/PyQt5_sip-12.17.0-cp310-cp310-macosx_10_9_universal2.whl", hash = "sha256:ec47914cc751608e587c1c2fdabeaf4af7fdc28b9f62796c583bea01c1a1aa3e", size = 122696, upload-time = "2025-02-02T17:12:35.786Z" },
    { url = "https://files.pythonhosted.org/packages/61/d5/506b1c3ad06268c601276572f1cde1c0dffd074b44e023f4d80f5ea49265/PyQt5_sip-12.17.0-cp310-cp310-manylinux_2_5_x86_64.manylinux1_x86_64.whl", hash = "sha256:2f2a8dcc7626fe0da73a0918e05ce2460c7a14ddc946049310e6e35052105434", size = 270932, upload-time = "2025-02-02T17:12:38.175Z" },
    { url = "https://files.pythonhosted.org/packages/0b/9b/46159d8038374b076244a1930ead460e723453ec73f9b0330390ddfdd0ea/PyQt5_sip-12.17.0-cp310-cp310-win32.whl", hash = "sha256:0c75d28b8282be3c1d7dbc76950d6e6eba1e334783224e9b9835ce1a9c64f482", size = 49085, upload-time = "2025-02-02T17:12:40.146Z" },
    { url = "https://files.pythonhosted.org/packages/fe/66/b3eb937a620ce2a5db5c377beeca870d60fafd87aecc1bcca6921bbcf553/PyQt5_sip-12.17.0-cp310-cp310-win_amd64.whl", hash = "sha256:8c4bc535bae0dfa764e8534e893619fe843ce5a2e25f901c439bcb960114f686", size = 59040, upload-time = "2025-02-02T17:12:41.962Z" },
]

[[package]]
name = "pyqt5-tools"
version = "5.15.9.3.3"
source = { registry = "https://pypi.org/simple" }
dependencies = [
    { name = "click" },
    { name = "pyqt5" },
    { name = "pyqt5-plugins" },
    { name = "python-dotenv" },
]
wheels = [
    { url = "https://files.pythonhosted.org/packages/11/7e/3a5bce0e31650e091a16826d7a588be8bd56c2ac30871286b6c90d68ceeb/pyqt5_tools-5.15.9.3.3-py3-none-any.whl", hash = "sha256:4b45b26111c583a34fa364b98d7120f5aeca4f96ac72e251f1b37a9cca809f86", size = 29165, upload-time = "2023-03-27T19:26:56.526Z" },
]

[[package]]
name = "python-dotenv"
version = "1.1.0"
source = { registry = "https://pypi.org/simple" }
sdist = { url = "https://files.pythonhosted.org/packages/88/2c/7bb1416c5620485aa793f2de31d3df393d3686aa8a8506d11e10e13c5baf/python_dotenv-1.1.0.tar.gz", hash = "sha256:41f90bc6f5f177fb41f53e87666db362025010eb28f60a01c9143bfa33a2b2d5", size = 39920, upload-time = "2025-03-25T10:14:56.835Z" }
wheels = [
    { url = "https://files.pythonhosted.org/packages/1e/18/98a99ad95133c6a6e2005fe89faedf294a748bd5dc803008059409ac9b1e/python_dotenv-1.1.0-py3-none-any.whl", hash = "sha256:d7c01d9e2293916c18baf562d95698754b0dbbb5e74d457c45d4f6561fb9d55d", size = 20256, upload-time = "2025-03-25T10:14:55.034Z" },
]

[[package]]
name = "pywin32"
version = "310"
source = { registry = "https://pypi.org/simple" }
wheels = [
    { url = "https://files.pythonhosted.org/packages/95/da/a5f38fffbba2fb99aa4aa905480ac4b8e83ca486659ac8c95bce47fb5276/pywin32-310-cp310-cp310-win32.whl", hash = "sha256:6dd97011efc8bf51d6793a82292419eba2c71cf8e7250cfac03bba284454abc1", size = 8848240, upload-time = "2025-03-17T00:55:46.783Z" },
    { url = "https://files.pythonhosted.org/packages/aa/fe/d873a773324fa565619ba555a82c9dabd677301720f3660a731a5d07e49a/pywin32-310-cp310-cp310-win_amd64.whl", hash = "sha256:c3e78706e4229b915a0821941a84e7ef420bf2b77e08c9dae3c76fd03fd2ae3d", size = 9601854, upload-time = "2025-03-17T00:55:48.783Z" },
    { url = "https://files.pythonhosted.org/packages/3c/84/1a8e3d7a15490d28a5d816efa229ecb4999cdc51a7c30dd8914f669093b8/pywin32-310-cp310-cp310-win_arm64.whl", hash = "sha256:33babed0cf0c92a6f94cc6cc13546ab24ee13e3e800e61ed87609ab91e4c8213", size = 8522963, upload-time = "2025-03-17T00:55:50.969Z" },
]

[[package]]
name = "pywin32-ctypes"
version = "0.2.3"
source = { registry = "https://pypi.org/simple" }
sdist = { url = "https://files.pythonhosted.org/packages/85/9f/01a1a99704853cb63f253eea009390c88e7131c67e66a0a02099a8c917cb/pywin32-ctypes-0.2.3.tar.gz", hash = "sha256:d162dc04946d704503b2edc4d55f3dba5c1d539ead017afa00142c38b9885755", size = 29471, upload-time = "2024-08-14T10:15:34.626Z" }
wheels = [
    { url = "https://files.pythonhosted.org/packages/de/3d/8161f7711c017e01ac9f008dfddd9410dff3674334c233bde66e7ba65bbf/pywin32_ctypes-0.2.3-py3-none-any.whl", hash = "sha256:8a1513379d709975552d202d942d9837758905c8d01eb82b8bcc30918929e7b8", size = 30756, upload-time = "2024-08-14T10:15:33.187Z" },
]

[[package]]
name = "qt5-applications"
version = "5.15.2.2.3"
source = { registry = "https://pypi.org/simple" }
wheels = [
    { url = "https://files.pythonhosted.org/packages/14/32/a2fcd818fe62dfcd24600782c7b71bc7c476406bbb4c5680a992fcb7b9d9/qt5_applications-5.15.2.2.3-py3-none-macosx_10_14_x86_64.whl", hash = "sha256:45395074b742ca6765990d3645d5e24a59415c1d968c40c6a3443da22c621ba8", size = 98367680, upload-time = "2023-03-27T14:19:16.344Z" },
    { url = "https://files.pythonhosted.org/packages/35/e3/f5ab9980d601e62a75bb4d5d01d2324cb0d2a414f36474e26a83de409548/qt5_applications-5.15.2.2.3-py3-none-manylinux_2_17_x86_64.whl", hash = "sha256:9ac537caf18fc339149391f58e6716c472296df4431d68e76670e75a14238de0", size = 85694098, upload-time = "2023-03-27T14:18:31.036Z" },
    { url = "https://files.pythonhosted.org/packages/96/32/5f6b843992c28efde2c3dadbe67296064d09c506c2fc9f9ebe76090eb00a/qt5_applications-5.15.2.2.3-py3-none-win32.whl", hash = "sha256:8d4ebdd955653f693edac4697f80e016270efcf861ebb1b8b7e238fd6faba5f5", size = 54471526, upload-time = "2023-03-27T14:17:54.8Z" },
    { url = "https://files.pythonhosted.org/packages/ae/a9/cd64cda6f58321c4a0021ced80117b225562efc42f1318ff2cea69c23eb7/qt5_applications-5.15.2.2.3-py3-none-win_amd64.whl", hash = "sha256:5156cc710ed3942f736ec2c46889f73d829fcd4093bed8dbddf2fd83929fdf0b", size = 64462445, upload-time = "2023-03-27T14:18:25.916Z" },
]

[[package]]
name = "qt5-tools"
version = "5.15.2.1.3"
source = { registry = "https://pypi.org/simple" }
dependencies = [
    { name = "click" },
    { name = "qt5-applications" },
]
wheels = [
    { url = "https://files.pythonhosted.org/packages/e2/45/3062d0df2bbc88ee4ea04b1073072b337b9e287c0b4ac12109729b413e2e/qt5_tools-5.15.2.1.3-py3-none-any.whl", hash = "sha256:3e73b7aa3cd03abba6e703aa1d21a5934eff42a068292500a1f02c9bc6da95cb", size = 13756, upload-time = "2023-03-27T15:03:21.749Z" },
]

[[package]]
name = "setuptools"
version = "78.1.0"
source = { registry = "https://pypi.org/simple" }
sdist = { url = "https://files.pythonhosted.org/packages/a9/5a/0db4da3bc908df06e5efae42b44e75c81dd52716e10192ff36d0c1c8e379/setuptools-78.1.0.tar.gz", hash = "sha256:18fd474d4a82a5f83dac888df697af65afa82dec7323d09c3e37d1f14288da54", size = 1367827, upload-time = "2025-03-25T22:49:35.332Z" }
wheels = [
    { url = "https://files.pythonhosted.org/packages/54/21/f43f0a1fa8b06b32812e0975981f4677d28e0f3271601dc88ac5a5b83220/setuptools-78.1.0-py3-none-any.whl", hash = "sha256:3e386e96793c8702ae83d17b853fb93d3e09ef82ec62722e61da5cd22376dcd8", size = 1256108, upload-time = "2025-03-25T22:49:33.13Z" },
]

[[package]]
name = "tow"
source = { editable = "." }
dependencies = [
    { name = "acspy" },
    { name = "numpy" },
    { name = "pyqt5" },
    { name = "pyqt5-qt5" },
    { name = "pywin32" },
]

[package.dev-dependencies]
dev = [
    { name = "pyinstaller" },
    { name = "pyqt5-tools" },
]

[package.metadata]
requires-dist = [
    { name = "acspy", specifier = ">=0.0.9" },
    { name = "numpy" },
    { name = "pyqt5" },
    { name = "pyqt5-qt5" },
    { name = "pywin32" },
]

[package.metadata.requires-dev]
dev = [
    { name = "pyinstaller" },
    { name = "pyqt5-tools", specifier = ">=5.15.9.3.3" },
]
